
Microsoft Visual Studio Solution File, Format Version 12.00
# Visual Studio 15
Project("{FAE04EC0-301F-11D3-BF4B-00C04F79EFBC}") = "Assembly-CSharp", "Assembly-CSharp.csproj", "{B767213E-169D-7C4D-859E-733B3446B5DC}"
EndProject
Project("{FAE04EC0-301F-11D3-BF4B-00C04F79EFBC}") = "Assembly-CSharp-Editor", "Assembly-CSharp-Editor.csproj", "{92C3B6C3-F6F0-4A68-F0D1-0117D8AFEC06}"
EndProject
Global
	GlobalSection(SolutionConfigurationPlatforms) = preSolution
		Debug|Any CPU = Debug|Any CPU
		Release|Any CPU = Release|Any CPU
	EndGlobalSection
	GlobalSection(ProjectConfigurationPlatforms) = postSolution
		{B767213E-169D-7C4D-859E-733B3446B5DC}.Debug|Any CPU.ActiveCfg = Debug|Any CPU
		{B767213E-169D-7C4D-859E-733B3446B5DC}.Debug|Any CPU.Build.0 = Debug|Any CPU
		{B767213E-169D-7C4D-859E-733B3446B5DC}.Release|Any CPU.ActiveCfg = Release|Any CPU
		{B767213E-169D-7C4D-859E-733B3446B5DC}.Release|Any CPU.Build.0 = Release|Any CPU
		{92C3B6C3-F6F0-4A68-F0D1-0117D8AFEC06}.Debug|Any CPU.ActiveCfg = Debug|Any CPU
		{92C3B6C3-F6F0-4A68-F0D1-0117D8AFEC06}.Debug|Any CPU.Build.0 = Debug|Any CPU
		{92C3B6C3-F6F0-4A68-F0D1-0117D8AFEC06}.Release|Any CPU.ActiveCfg = Release|Any CPU
		{92C3B6C3-F6F0-4A68-F0D1-0117D8AFEC06}.Release|Any CPU.Build.0 = Release|Any CPU
	EndGlobalSection
	GlobalSection(SolutionProperties) = preSolution
		HideSolutionNode = FALSE
	EndGlobalSection
EndGlobal
